
Microsoft Visual Studio Solution File, Format Version 12.00
Project("{FAE04EC0-301F-11D3-BF4B-00C04F79EFBC}") = "TranslationMod", "TranslationMod.csproj", "{27754237-AF58-42CF-B8C5-20E0C1C446ED}"
EndProject
Global
	GlobalSection(SolutionConfigurationPlatforms) = preSolution
		Debug|Any CPU = Debug|Any CPU
		Release|Any CPU = Release|Any CPU
	EndGlobalSection
	GlobalSection(ProjectConfigurationPlatforms) = postSolution
		{27754237-AF58-42CF-B8C5-20E0C1C446ED}.Debug|Any CPU.ActiveCfg = Debug|Any CPU
		{27754237-AF58-42CF-B8C5-20E0C1C446ED}.Debug|Any CPU.Build.0 = Debug|Any CPU
		{27754237-AF58-42CF-B8C5-20E0C1C446ED}.Release|Any CPU.ActiveCfg = Release|Any CPU
		{27754237-AF58-42CF-B8C5-20E0C1C446ED}.Release|Any CPU.Build.0 = Release|Any CPU
	EndGlobalSection
EndGlobal
